{
  "name": "beta",
  "version": "1.0.0",
  "lockfileVersion": 2,
  "requires": true,
  "packages": {
    "": {
      "name": "beta",
      "version": "1.0.0",
      "license": "ISC",
      "dependencies": {
        "lowdb": "^1.0.0",
        "tdl-lib": "^0.0.11"
      }
    },
    "node_modules/debug": {
      "version": "4.3.2",
      "resolved": "https://registry.npmjs.org/debug/-/debug-4.3.2.tgz",
      "integrity": "sha512-mOp8wKcvj7XxC78zLgw/ZA+6TSgkoE2C/ienthhRD298T7UNwAg9diBpLRxC0mOezLl4B0xV7M0cCO6P/O0Xhw==",
      "dependencies": {
        "ms": "2.1.2"
      },
      "engines": {
        "node": ">=6.0"
      },
      "peerDependenciesMeta": {
        "supports-color": {
          "optional": true
        }
      }
    },
    "node_modules/eventemitter3": {
      "version": "4.0.7",
      "resolved": "https://registry.npmjs.org/eventemitter3/-/eventemitter3-4.0.7.tgz",
      "integrity": "sha512-8guHBZCwKnFhYdHr2ysuRWErTwhoN2X8XELRlrRwpmfeY2jjuUN4taQMsULKUVo1K4DvZl+0pgfyoysHxvmvEw=="
    },
    "node_modules/graceful-fs": {
      "version": "4.2.8",
      "resolved": "https://registry.npmjs.org/graceful-fs/-/graceful-fs-4.2.8.tgz",
      "integrity": "sha512-qkIilPUYcNhJpd33n0GBXTB1MMPp14TxEsEs0pTrsSVucApsYzW5V+Q8Qxhik6KU3evy+qkAAowTByymK0avdg=="
    },
    "node_modules/is-promise": {
      "version": "2.2.2",
      "resolved": "https://registry.npmjs.org/is-promise/-/is-promise-2.2.2.tgz",
      "integrity": "sha512-+lP4/6lKUBfQjZ2pdxThZvLUAafmZb8OAxFb8XXtiQmS35INgr85hdOGoEs124ez1FCnZJt6jau/T+alh58QFQ=="
    },
    "node_modules/lodash": {
      "version": "4.17.21",
      "resolved": "https://registry.npmjs.org/lodash/-/lodash-4.17.21.tgz",
      "integrity": "sha512-v2kDEe57lecTulaDIuNTPy3Ry4gLGJ6Z1O3vE1krgXZNrsQ+LFTGHVxVjcXPs17LhbZVGedAJv8XZ1tvj5FvSg=="
    },
    "node_modules/lowdb": {
      "version": "1.0.0",
      "resolved": "https://registry.npmjs.org/lowdb/-/lowdb-1.0.0.tgz",
      "integrity": "sha512-2+x8esE/Wb9SQ1F9IHaYWfsC9FIecLOPrK4g17FGEayjUWH172H6nwicRovGvSE2CPZouc2MCIqCI7h9d+GftQ==",
      "dependencies": {
        "graceful-fs": "^4.1.3",
        "is-promise": "^2.1.0",
        "lodash": "4",
        "pify": "^3.0.0",
        "steno": "^0.4.1"
      },
      "engines": {
        "node": ">=4"
      }
    },
    "node_modules/ms": {
      "version": "2.1.2",
      "resolved": "https://registry.npmjs.org/ms/-/ms-2.1.2.tgz",
      "integrity": "sha512-sGkPx+VjMtmA6MX27oA4FBFELFCZZ4S4XqeGOXCv68tT+jb3vk/RyaKWP0PTKyWtmLSM0b+adUTEvbs1PEaH2w=="
    },
    "node_modules/mute-stream": {
      "version": "0.0.8",
      "resolved": "https://registry.npmjs.org/mute-stream/-/mute-stream-0.0.8.tgz",
      "integrity": "sha512-nnbWWOkoWyUsTjKrhgD0dcz22mdkSnpYqbEjIm2nhwhuxlSkpywJmBo8h0ZqJdkp73mb90SssHkN4rsRaBAfAA=="
    },
    "node_modules/node-addon-api": {
      "version": "3.2.1",
      "resolved": "https://registry.npmjs.org/node-addon-api/-/node-addon-api-3.2.1.tgz",
      "integrity": "sha512-mmcei9JghVNDYydghQmeDX8KoAm0FAiYyIcUt/N4nhyAipB17pllZQDOJD2fotxABnt4Mdz+dKTO7eftLg4d0A=="
    },
    "node_modules/pify": {
      "version": "3.0.0",
      "resolved": "https://registry.npmjs.org/pify/-/pify-3.0.0.tgz",
      "integrity": "sha1-5aSs0sEB/fPZpNB/DbxNtJ3SgXY=",
      "engines": {
        "node": ">=4"
      }
    },
    "node_modules/promptly": {
      "version": "3.2.0",
      "resolved": "https://registry.npmjs.org/promptly/-/promptly-3.2.0.tgz",
      "integrity": "sha512-WnR9obtgW+rG4oUV3hSnNGl1pHm3V1H/qD9iJBumGSmVsSC5HpZOLuu8qdMb6yCItGfT7dcRszejr/5P3i9Pug==",
      "dependencies": {
        "read": "^1.0.4"
      }
    },
    "node_modules/read": {
      "version": "1.0.7",
      "resolved": "https://registry.npmjs.org/read/-/read-1.0.7.tgz",
      "integrity": "sha1-s9oZvQUkMal2cdRKQmNK33ELQMQ=",
      "dependencies": {
        "mute-stream": "~0.0.4"
      },
      "engines": {
        "node": ">=0.8"
      }
    },
    "node_modules/steno": {
      "version": "0.4.4",
      "resolved": "https://registry.npmjs.org/steno/-/steno-0.4.4.tgz",
      "integrity": "sha1-BxEFvfwobmYVwEA8J+nXtdy4Vcs=",
      "dependencies": {
        "graceful-fs": "^4.1.3"
      }
    },
    "node_modules/tdl": {
      "version": "7.0.0",
      "resolved": "https://registry.npmjs.org/tdl/-/tdl-7.0.0.tgz",
      "integrity": "sha512-jvVrxzb54fjYvHWFqn1L4FRzHkuMAeggzjByEJqBkM7ZMIjA+tW7oSVJxonLXBD9QCcBzlAFvo8nx3qOrh+teA==",
      "dependencies": {
        "debug": "^4.3.1",
        "eventemitter3": "^4.0.7",
        "promptly": "^3.2.0",
        "tdl-shared": "^0.10.0"
      }
    },
    "node_modules/tdl-lib": {
      "version": "0.0.11",
      "resolved": "https://registry.npmjs.org/tdl-lib/-/tdl-lib-0.0.11.tgz",
      "integrity": "sha512-3cR2a18ilL8IagYkJzuBWi83qlNtm+RahEPguPPtSmcmGEBvGeOStM7RRliQZDYcO1wVncCCFDIzehsJY4nHpA==",
      "dependencies": {
        "tdl": "^7.0.0",
        "tdl-tdlib-addon": "^1.0.1"
      }
    },
    "node_modules/tdl-shared": {
      "version": "0.10.0",
      "resolved": "https://registry.npmjs.org/tdl-shared/-/tdl-shared-0.10.0.tgz",
      "integrity": "sha512-MWkHaB4zp1NjuDQFSjB6SiDqesCjQPXhHwdP+V5G5AWijnNlDUYOatEUagn4pOaulBm+7VDZsGfof8HUZIgeag=="
    },
    "node_modules/tdl-tdlib-addon": {
      "version": "1.0.1",
      "resolved": "https://registry.npmjs.org/tdl-tdlib-addon/-/tdl-tdlib-addon-1.0.1.tgz",
      "integrity": "sha512-MhjiC8p1CqJ1cN1CLLjBtH0+SrcjwWcDT9rBWdj6dL3WD0+urPUF7mfvjniyDCLBkPw1Gpl0uNaBlpSrJfnhhw==",
      "hasInstallScript": true,
      "dependencies": {
        "debug": "^4.3.1",
        "node-addon-api": "^3.0.2",
        "tdl-shared": "^0.10.0"
      },
      "engines": {
        "node": ">= 8.6.0"
      },
      "peerDependencies": {
        "tdl": ">= 7.0.0"
      }
    }
  },
  "dependencies": {
    "debug": {
      "version": "4.3.2",
      "resolved": "https://registry.npmjs.org/debug/-/debug-4.3.2.tgz",
      "integrity": "sha512-mOp8wKcvj7XxC78zLgw/ZA+6TSgkoE2C/ienthhRD298T7UNwAg9diBpLRxC0mOezLl4B0xV7M0cCO6P/O0Xhw==",
      "requires": {
        "ms": "2.1.2"
      }
    },
    "eventemitter3": {
      "version": "4.0.7",
      "resolved": "https://registry.npmjs.org/eventemitter3/-/eventemitter3-4.0.7.tgz",
      "integrity": "sha512-8guHBZCwKnFhYdHr2ysuRWErTwhoN2X8XELRlrRwpmfeY2jjuUN4taQMsULKUVo1K4DvZl+0pgfyoysHxvmvEw=="
    },
    "graceful-fs": {
      "version": "4.2.8",
      "resolved": "https://registry.npmjs.org/graceful-fs/-/graceful-fs-4.2.8.tgz",
      "integrity": "sha512-qkIilPUYcNhJpd33n0GBXTB1MMPp14TxEsEs0pTrsSVucApsYzW5V+Q8Qxhik6KU3evy+qkAAowTByymK0avdg=="
    },
    "is-promise": {
      "version": "2.2.2",
      "resolved": "https://registry.npmjs.org/is-promise/-/is-promise-2.2.2.tgz",
      "integrity": "sha512-+lP4/6lKUBfQjZ2pdxThZvLUAafmZb8OAxFb8XXtiQmS35INgr85hdOGoEs124ez1FCnZJt6jau/T+alh58QFQ=="
    },
    "lodash": {
      "version": "4.17.21",
      "resolved": "https://registry.npmjs.org/lodash/-/lodash-4.17.21.tgz",
      "integrity": "sha512-v2kDEe57lecTulaDIuNTPy3Ry4gLGJ6Z1O3vE1krgXZNrsQ+LFTGHVxVjcXPs17LhbZVGedAJv8XZ1tvj5FvSg=="
    },
    "lowdb": {
      "version": "1.0.0",
      "resolved": "https://registry.npmjs.org/lowdb/-/lowdb-1.0.0.tgz",
      "integrity": "sha512-2+x8esE/Wb9SQ1F9IHaYWfsC9FIecLOPrK4g17FGEayjUWH172H6nwicRovGvSE2CPZouc2MCIqCI7h9d+GftQ==",
      "requires": {
        "graceful-fs": "^4.1.3",
        "is-promise": "^2.1.0",
        "lodash": "4",
        "pify": "^3.0.0",
        "steno": "^0.4.1"
      }
    },
    "ms": {
      "version": "2.1.2",
      "resolved": "https://registry.npmjs.org/ms/-/ms-2.1.2.tgz",
      "integrity": "sha512-sGkPx+VjMtmA6MX27oA4FBFELFCZZ4S4XqeGOXCv68tT+jb3vk/RyaKWP0PTKyWtmLSM0b+adUTEvbs1PEaH2w=="
    },
    "mute-stream": {
      "version": "0.0.8",
      "resolved": "https://registry.npmjs.org/mute-stream/-/mute-stream-0.0.8.tgz",
      "integrity": "sha512-nnbWWOkoWyUsTjKrhgD0dcz22mdkSnpYqbEjIm2nhwhuxlSkpywJmBo8h0ZqJdkp73mb90SssHkN4rsRaBAfAA=="
    },
    "node-addon-api": {
      "version": "3.2.1",
      "resolved": "https://registry.npmjs.org/node-addon-api/-/node-addon-api-3.2.1.tgz",
      "integrity": "sha512-mmcei9JghVNDYydghQmeDX8KoAm0FAiYyIcUt/N4nhyAipB17pllZQDOJD2fotxABnt4Mdz+dKTO7eftLg4d0A=="
    },
    "pify": {
      "version": "3.0.0",
      "resolved": "https://registry.npmjs.org/pify/-/pify-3.0.0.tgz",
      "integrity": "sha1-5aSs0sEB/fPZpNB/DbxNtJ3SgXY="
    },
    "promptly": {
      "version": "3.2.0",
      "resolved": "https://registry.npmjs.org/promptly/-/promptly-3.2.0.tgz",
      "integrity": "sha512-WnR9obtgW+rG4oUV3hSnNGl1pHm3V1H/qD9iJBumGSmVsSC5HpZOLuu8qdMb6yCItGfT7dcRszejr/5P3i9Pug==",
      "requires": {
        "read": "^1.0.4"
      }
    },
    "read": {
      "version": "1.0.7",
      "resolved": "https://registry.npmjs.org/read/-/read-1.0.7.tgz",
      "integrity": "sha1-s9oZvQUkMal2cdRKQmNK33ELQMQ=",
      "requires": {
        "mute-stream": "~0.0.4"
      }
    },
    "steno": {
      "version": "0.4.4",
      "resolved": "https://registry.npmjs.org/steno/-/steno-0.4.4.tgz",
      "integrity": "sha1-BxEFvfwobmYVwEA8J+nXtdy4Vcs=",
      "requires": {
        "graceful-fs": "^4.1.3"
      }
    },
    "tdl": {
      "version": "7.0.0",
      "resolved": "https://registry.npmjs.org/tdl/-/tdl-7.0.0.tgz",
      "integrity": "sha512-jvVrxzb54fjYvHWFqn1L4FRzHkuMAeggzjByEJqBkM7ZMIjA+tW7oSVJxonLXBD9QCcBzlAFvo8nx3qOrh+teA==",
      "requires": {
        "debug": "^4.3.1",
        "eventemitter3": "^4.0.7",
        "promptly": "^3.2.0",
        "tdl-shared": "^0.10.0"
      }
    },
    "tdl-lib": {
      "version": "0.0.11",
      "resolved": "https://registry.npmjs.org/tdl-lib/-/tdl-lib-0.0.11.tgz",
      "integrity": "sha512-3cR2a18ilL8IagYkJzuBWi83qlNtm+RahEPguPPtSmcmGEBvGeOStM7RRliQZDYcO1wVncCCFDIzehsJY4nHpA==",
      "requires": {
        "tdl": "^7.0.0",
        "tdl-tdlib-addon": "^1.0.1"
      }
    },
    "tdl-shared": {
      "version": "0.10.0",
      "resolved": "https://registry.npmjs.org/tdl-shared/-/tdl-shared-0.10.0.tgz",
      "integrity": "sha512-MWkHaB4zp1NjuDQFSjB6SiDqesCjQPXhHwdP+V5G5AWijnNlDUYOatEUagn4pOaulBm+7VDZsGfof8HUZIgeag=="
    },
    "tdl-tdlib-addon": {
      "version": "1.0.1",
      "resolved": "https://registry.npmjs.org/tdl-tdlib-addon/-/tdl-tdlib-addon-1.0.1.tgz",
      "integrity": "sha512-MhjiC8p1CqJ1cN1CLLjBtH0+SrcjwWcDT9rBWdj6dL3WD0+urPUF7mfvjniyDCLBkPw1Gpl0uNaBlpSrJfnhhw==",
      "requires": {
        "debug": "^4.3.1",
        "node-addon-api": "^3.0.2",
        "tdl-shared": "^0.10.0"
      }
    }
  }
}
