{
  "name": "azkauserbot",
  "version": "0.0.0",
  "lockfileVersion": 2,
  "requires": true,
  "packages": {
    "": {
      "name": "azkauserbot",
      "version": "0.0.0",
      "license": "ISC",
      "dependencies": {
        "node-fetch": "^2.6.1",
        "tdl-lib": "^0.0.28"
      },
      "engines": {
        "node": "16.9.1"
      }
    },
    "node_modules/debug": {
      "version": "4.3.2",
      "resolved": "https://registry.npmjs.org/debug/-/debug-4.3.2.tgz",
      "integrity": "sha512-mOp8wKcvj7XxC78zLgw/ZA+6TSgkoE2C/ienthhRD298T7UNwAg9diBpLRxC0mOezLl4B0xV7M0cCO6P/O0Xhw==",
      "dependencies": {
        "ms": "2.1.2"
      },
      "engines": {
        "node": ">=6.0"
      },
      "peerDependenciesMeta": {
        "supports-color": {
          "optional": true
        }
      }
    },
    "node_modules/eventemitter3": {
      "version": "4.0.7",
      "resolved": "https://registry.npmjs.org/eventemitter3/-/eventemitter3-4.0.7.tgz",
      "integrity": "sha512-8guHBZCwKnFhYdHr2ysuRWErTwhoN2X8XELRlrRwpmfeY2jjuUN4taQMsULKUVo1K4DvZl+0pgfyoysHxvmvEw=="
    },
    "node_modules/ms": {
      "version": "2.1.2",
      "resolved": "https://registry.npmjs.org/ms/-/ms-2.1.2.tgz",
      "integrity": "sha512-sGkPx+VjMtmA6MX27oA4FBFELFCZZ4S4XqeGOXCv68tT+jb3vk/RyaKWP0PTKyWtmLSM0b+adUTEvbs1PEaH2w=="
    },
    "node_modules/mute-stream": {
      "version": "0.0.8",
      "resolved": "https://registry.npmjs.org/mute-stream/-/mute-stream-0.0.8.tgz",
      "integrity": "sha512-nnbWWOkoWyUsTjKrhgD0dcz22mdkSnpYqbEjIm2nhwhuxlSkpywJmBo8h0ZqJdkp73mb90SssHkN4rsRaBAfAA=="
    },
    "node_modules/node-addon-api": {
      "version": "3.2.1",
      "resolved": "https://registry.npmjs.org/node-addon-api/-/node-addon-api-3.2.1.tgz",
      "integrity": "sha512-mmcei9JghVNDYydghQmeDX8KoAm0FAiYyIcUt/N4nhyAipB17pllZQDOJD2fotxABnt4Mdz+dKTO7eftLg4d0A=="
    },
    "node_modules/node-fetch": {
      "version": "2.6.1",
      "resolved": "https://registry.npmjs.org/node-fetch/-/node-fetch-2.6.1.tgz",
      "integrity": "sha512-V4aYg89jEoVRxRb2fJdAg8FHvI7cEyYdVAh94HH0UIK8oJxUfkjlDQN9RbMx+bEjP7+ggMiFRprSti032Oipxw==",
      "engines": {
        "node": "4.x || >=6.0.0"
      }
    },
    "node_modules/promptly": {
      "version": "3.2.0",
      "resolved": "https://registry.npmjs.org/promptly/-/promptly-3.2.0.tgz",
      "integrity": "sha512-WnR9obtgW+rG4oUV3hSnNGl1pHm3V1H/qD9iJBumGSmVsSC5HpZOLuu8qdMb6yCItGfT7dcRszejr/5P3i9Pug==",
      "dependencies": {
        "read": "^1.0.4"
      }
    },
    "node_modules/read": {
      "version": "1.0.7",
      "resolved": "https://registry.npmjs.org/read/-/read-1.0.7.tgz",
      "integrity": "sha1-s9oZvQUkMal2cdRKQmNK33ELQMQ=",
      "dependencies": {
        "mute-stream": "~0.0.4"
      },
      "engines": {
        "node": ">=0.8"
      }
    },
    "node_modules/tdl": {
      "version": "7.0.0",
      "resolved": "https://registry.npmjs.org/tdl/-/tdl-7.0.0.tgz",
      "integrity": "sha512-jvVrxzb54fjYvHWFqn1L4FRzHkuMAeggzjByEJqBkM7ZMIjA+tW7oSVJxonLXBD9QCcBzlAFvo8nx3qOrh+teA==",
      "dependencies": {
        "debug": "^4.3.1",
        "eventemitter3": "^4.0.7",
        "promptly": "^3.2.0",
        "tdl-shared": "^0.10.0"
      }
    },
    "node_modules/tdl-lib": {
      "version": "0.0.28",
      "resolved": "https://registry.npmjs.org/tdl-lib/-/tdl-lib-0.0.28.tgz",
      "integrity": "sha512-VPRXiEZswFWgrGeqHkmoix+dXRjbzn2NvesJEy67k0q3TUXn2H+FcQpoad1FAUVtc/p2hoPDVcOvqAhbOgbchg==",
      "dependencies": {
        "tdl": "^7.0.0",
        "tdl-tdlib-addon": "^1.0.1"
      }
    },
    "node_modules/tdl-shared": {
      "version": "0.10.0",
      "resolved": "https://registry.npmjs.org/tdl-shared/-/tdl-shared-0.10.0.tgz",
      "integrity": "sha512-MWkHaB4zp1NjuDQFSjB6SiDqesCjQPXhHwdP+V5G5AWijnNlDUYOatEUagn4pOaulBm+7VDZsGfof8HUZIgeag=="
    },
    "node_modules/tdl-tdlib-addon": {
      "version": "1.0.1",
      "resolved": "https://registry.npmjs.org/tdl-tdlib-addon/-/tdl-tdlib-addon-1.0.1.tgz",
      "integrity": "sha512-MhjiC8p1CqJ1cN1CLLjBtH0+SrcjwWcDT9rBWdj6dL3WD0+urPUF7mfvjniyDCLBkPw1Gpl0uNaBlpSrJfnhhw==",
      "hasInstallScript": true,
      "dependencies": {
        "debug": "^4.3.1",
        "node-addon-api": "^3.0.2",
        "tdl-shared": "^0.10.0"
      },
      "engines": {
        "node": ">= 8.6.0"
      },
      "peerDependencies": {
        "tdl": ">= 7.0.0"
      }
    }
  },
  "dependencies": {
    "debug": {
      "version": "4.3.2",
      "resolved": "https://registry.npmjs.org/debug/-/debug-4.3.2.tgz",
      "integrity": "sha512-mOp8wKcvj7XxC78zLgw/ZA+6TSgkoE2C/ienthhRD298T7UNwAg9diBpLRxC0mOezLl4B0xV7M0cCO6P/O0Xhw==",
      "requires": {
        "ms": "2.1.2"
      }
    },
    "eventemitter3": {
      "version": "4.0.7",
      "resolved": "https://registry.npmjs.org/eventemitter3/-/eventemitter3-4.0.7.tgz",
      "integrity": "sha512-8guHBZCwKnFhYdHr2ysuRWErTwhoN2X8XELRlrRwpmfeY2jjuUN4taQMsULKUVo1K4DvZl+0pgfyoysHxvmvEw=="
    },
    "ms": {
      "version": "2.1.2",
      "resolved": "https://registry.npmjs.org/ms/-/ms-2.1.2.tgz",
      "integrity": "sha512-sGkPx+VjMtmA6MX27oA4FBFELFCZZ4S4XqeGOXCv68tT+jb3vk/RyaKWP0PTKyWtmLSM0b+adUTEvbs1PEaH2w=="
    },
    "mute-stream": {
      "version": "0.0.8",
      "resolved": "https://registry.npmjs.org/mute-stream/-/mute-stream-0.0.8.tgz",
      "integrity": "sha512-nnbWWOkoWyUsTjKrhgD0dcz22mdkSnpYqbEjIm2nhwhuxlSkpywJmBo8h0ZqJdkp73mb90SssHkN4rsRaBAfAA=="
    },
    "node-addon-api": {
      "version": "3.2.1",
      "resolved": "https://registry.npmjs.org/node-addon-api/-/node-addon-api-3.2.1.tgz",
      "integrity": "sha512-mmcei9JghVNDYydghQmeDX8KoAm0FAiYyIcUt/N4nhyAipB17pllZQDOJD2fotxABnt4Mdz+dKTO7eftLg4d0A=="
    },
    "node-fetch": {
      "version": "2.6.1",
      "resolved": "https://registry.npmjs.org/node-fetch/-/node-fetch-2.6.1.tgz",
      "integrity": "sha512-V4aYg89jEoVRxRb2fJdAg8FHvI7cEyYdVAh94HH0UIK8oJxUfkjlDQN9RbMx+bEjP7+ggMiFRprSti032Oipxw=="
    },
    "promptly": {
      "version": "3.2.0",
      "resolved": "https://registry.npmjs.org/promptly/-/promptly-3.2.0.tgz",
      "integrity": "sha512-WnR9obtgW+rG4oUV3hSnNGl1pHm3V1H/qD9iJBumGSmVsSC5HpZOLuu8qdMb6yCItGfT7dcRszejr/5P3i9Pug==",
      "requires": {
        "read": "^1.0.4"
      }
    },
    "read": {
      "version": "1.0.7",
      "resolved": "https://registry.npmjs.org/read/-/read-1.0.7.tgz",
      "integrity": "sha1-s9oZvQUkMal2cdRKQmNK33ELQMQ=",
      "requires": {
        "mute-stream": "~0.0.4"
      }
    },
    "tdl": {
      "version": "7.0.0",
      "resolved": "https://registry.npmjs.org/tdl/-/tdl-7.0.0.tgz",
      "integrity": "sha512-jvVrxzb54fjYvHWFqn1L4FRzHkuMAeggzjByEJqBkM7ZMIjA+tW7oSVJxonLXBD9QCcBzlAFvo8nx3qOrh+teA==",
      "requires": {
        "debug": "^4.3.1",
        "eventemitter3": "^4.0.7",
        "promptly": "^3.2.0",
        "tdl-shared": "^0.10.0"
      }
    },
    "tdl-lib": {
      "version": "0.0.28",
      "resolved": "https://registry.npmjs.org/tdl-lib/-/tdl-lib-0.0.28.tgz",
      "integrity": "sha512-VPRXiEZswFWgrGeqHkmoix+dXRjbzn2NvesJEy67k0q3TUXn2H+FcQpoad1FAUVtc/p2hoPDVcOvqAhbOgbchg==",
      "requires": {
        "tdl": "^7.0.0",
        "tdl-tdlib-addon": "^1.0.1"
      }
    },
    "tdl-shared": {
      "version": "0.10.0",
      "resolved": "https://registry.npmjs.org/tdl-shared/-/tdl-shared-0.10.0.tgz",
      "integrity": "sha512-MWkHaB4zp1NjuDQFSjB6SiDqesCjQPXhHwdP+V5G5AWijnNlDUYOatEUagn4pOaulBm+7VDZsGfof8HUZIgeag=="
    },
    "tdl-tdlib-addon": {
      "version": "1.0.1",
      "resolved": "https://registry.npmjs.org/tdl-tdlib-addon/-/tdl-tdlib-addon-1.0.1.tgz",
      "integrity": "sha512-MhjiC8p1CqJ1cN1CLLjBtH0+SrcjwWcDT9rBWdj6dL3WD0+urPUF7mfvjniyDCLBkPw1Gpl0uNaBlpSrJfnhhw==",
      "requires": {
        "debug": "^4.3.1",
        "node-addon-api": "^3.0.2",
        "tdl-shared": "^0.10.0"
      }
    }
  }
}
